{
  "name": "GameOfLife",
  "lockfileVersion": 3,
  "requires": true,
  "packages": {
    "": {
      "dependencies": {
        "oracledb": "^6.5.1"
      }
    },
    "node_modules/oracledb": {
      "version": "6.5.1",
      "resolved": "https://registry.npmjs.org/oracledb/-/oracledb-6.5.1.tgz",
      "integrity": "sha512-JzoSGei1wnvmqgKnAZK1W650mzHTZXx+7hClV4mwsbY/ZjUtrpnojNJMYJ2jkOhj7XG5oJPfXc4GqDKaNzkxqg==",
      "hasInstallScript": true,
      "engines": {
        "node": ">=14.6"
      }
    }
  }
}
